{
    "_meta": {
        "hash": {
            "sha256": "d9a76b7f6d7c6a8bbe080ac9057f1c229eb9725775bc37d8b26c77cba34d064f"
        },
        "pipfile-spec": 6,
        "requires": {},
        "sources": [
            {
                "name": "pypi",
                "url": "https://pypi.org/simple",
                "verify_ssl": true
            }
        ]
    },
    "default": {
        "dls-pmaclib": {
            "editable": true,
            "path": "./../dls_pmaclib"
        },
        "pyserial": {
            "hashes": [
                "sha256:e0770fadba80c31013896c7e6ef703f72e7834965954a78e71a3049488d4d7d8"
            ],
            "version": "==3.4"
        }
    },
    "develop": {}
}
